
Microsoft Visual Studio Solution File, Format Version 12.00
# Visual Studio 15
VisualStudioVersion = 15.0.28010.2041
MinimumVisualStudioVersion = 10.0.40219.1
Project("{FAE04EC0-301F-11D3-BF4B-00C04F79EFBC}") = "DocGen", "DocGen\DocGen.csproj", "{BC85CBE0-B75A-4AE7-8553-B22924321559}"
EndProject
Global
	GlobalSection(SolutionConfigurationPlatforms) = preSolution
		Debug|Any CPU = Debug|Any CPU
		Release|Any CPU = Release|Any CPU
	EndGlobalSection
	GlobalSection(ProjectConfigurationPlatforms) = postSolution
		{BC85CBE0-B75A-4AE7-8553-B22924321559}.Debug|Any CPU.ActiveCfg = Debug|Any CPU
		{BC85CBE0-B75A-4AE7-8553-B22924321559}.Debug|Any CPU.Build.0 = Debug|Any CPU
		{BC85CBE0-B75A-4AE7-8553-B22924321559}.Release|Any CPU.ActiveCfg = Release|Any CPU
		{BC85CBE0-B75A-4AE7-8553-B22924321559}.Release|Any CPU.Build.0 = Release|Any CPU
	EndGlobalSection
	GlobalSection(SolutionProperties) = preSolution
		HideSolutionNode = FALSE
	EndGlobalSection
	GlobalSection(ExtensibilityGlobals) = postSolution
		SolutionGuid = {665B08B1-949C-4D9B-8A94-3FC9B154460D}
	EndGlobalSection
EndGlobal
